
Microsoft Visual Studio Solution File, Format Version 12.00
# Visual Studio Version 16
VisualStudioVersion = 16.0.30523.141
MinimumVisualStudioVersion = 10.0.40219.1
Project("{FAE04EC0-301F-11D3-BF4B-00C04F79EFBC}") = "CSharpM1P2", "CSharpM1P2\CSharpM1P2.csproj", "{E3B816BA-2F05-463D-B03A-F8DEA2FE067F}"
EndProject
Global
	GlobalSection(SolutionConfigurationPlatforms) = preSolution
		Debug|Any CPU = Debug|Any CPU
		Release|Any CPU = Release|Any CPU
	EndGlobalSection
	GlobalSection(ProjectConfigurationPlatforms) = postSolution
		{E3B816BA-2F05-463D-B03A-F8DEA2FE067F}.Debug|Any CPU.ActiveCfg = Debug|Any CPU
		{E3B816BA-2F05-463D-B03A-F8DEA2FE067F}.Debug|Any CPU.Build.0 = Debug|Any CPU
		{E3B816BA-2F05-463D-B03A-F8DEA2FE067F}.Release|Any CPU.ActiveCfg = Release|Any CPU
		{E3B816BA-2F05-463D-B03A-F8DEA2FE067F}.Release|Any CPU.Build.0 = Release|Any CPU
	EndGlobalSection
	GlobalSection(SolutionProperties) = preSolution
		HideSolutionNode = FALSE
	EndGlobalSection
	GlobalSection(ExtensibilityGlobals) = postSolution
		SolutionGuid = {2A79A1BA-84C2-499B-8C38-D0572E0A93BC}
	EndGlobalSection
EndGlobal
